<?xml version="1.0" encoding="utf-8"?>
<Project ToolsVersion="4.0" xmlns="http://schemas.microsoft.com/developer/msbuild/2003">
  <ItemGroup>
    <ClCompile Include="src\main.cpp" />
    <ClCompile Include="src\Game.cpp" />
    <ClCompile Include="src\State.cpp" />
    <ClCompile Include="src\Sprite.cpp" />
    <ClCompile Include="src\Music.cpp" />
    <ClCompile Include="src\GameObject.cpp" />
    <ClCompile Include="src\Sound.cpp" />
    <ClCompile Include="src\Face.cpp" />
    <ClCompile Include="src\Component.cpp" />
    <ClCompile Include="src\Rect.cpp" />
    <ClCompile Include="src\Vec2.cpp" />
    <ClCompile Include="src\TileSet.cpp" />
    <ClCompile Include="src\TileMap.cpp" />
    <ClCompile Include="src\Resources.cpp" />
  </ItemGroup>
  <ItemGroup>
    <ClInclude Include="include\Game.h" />
    <ClInclude Include="include\State.h" />
    <ClInclude Include="include\Sprite.h" />
    <ClInclude Include="include\Music.h" />
    <ClInclude Include="include\Vec2.h" />
    <ClInclude Include="include\Rect.h" />
    <ClInclude Include="include\Component.h" />
    <ClInclude Include="include\GameObject.h" />
    <ClInclude Include="include\Sound.h" />
    <ClInclude Include="include\Face.h" />
    <ClInclude Include="include\TileSet.h" />
    <ClInclude Include="include\TileMap.h" />
    <ClInclude Include="include\Resources.h" />
  </ItemGroup>
</Project>